
Microsoft Visual Studio Solution File, Format Version 12.00
# Visual Studio Version 16
VisualStudioVersion = 16.0.29326.143
MinimumVisualStudioVersion = 10.0.40219.1
Project("{FAE04EC0-301F-11D3-BF4B-00C04F79EFBC}") = "InterFrameVideoCompression", "InterFrameVideoCompression\InterFrameVideoCompression.csproj", "{0E7A4D3D-3CB5-47D7-88FF-03E78FF5AB2C}"
EndProject
Global
	GlobalSection(SolutionConfigurationPlatforms) = preSolution
		Debug|Any CPU = Debug|Any CPU
		Release|Any CPU = Release|Any CPU
	EndGlobalSection
	GlobalSection(ProjectConfigurationPlatforms) = postSolution
		{0E7A4D3D-3CB5-47D7-88FF-03E78FF5AB2C}.Debug|Any CPU.ActiveCfg = Debug|Any CPU
		{0E7A4D3D-3CB5-47D7-88FF-03E78FF5AB2C}.Debug|Any CPU.Build.0 = Debug|Any CPU
		{0E7A4D3D-3CB5-47D7-88FF-03E78FF5AB2C}.Release|Any CPU.ActiveCfg = Release|Any CPU
		{0E7A4D3D-3CB5-47D7-88FF-03E78FF5AB2C}.Release|Any CPU.Build.0 = Release|Any CPU
	EndGlobalSection
	GlobalSection(SolutionProperties) = preSolution
		HideSolutionNode = FALSE
	EndGlobalSection
	GlobalSection(ExtensibilityGlobals) = postSolution
		SolutionGuid = {EC5A1F11-88AA-4F17-B6E5-8DF267C708A9}
	EndGlobalSection
EndGlobal
